
Microsoft Visual Studio Solution File, Format Version 12.00
# Visual Studio Version 17
VisualStudioVersion = 17.13.35825.156
MinimumVisualStudioVersion = 10.0.40219.1
Project("{FAE04EC0-301F-11D3-BF4B-00C04F79EFBC}") = "JWTAuthServer", "JWTAuthServer\JWTAuthServer.csproj", "{6CDD1A61-15C4-423E-B108-E7DDA45010E2}"
EndProject
Project("{FAE04EC0-301F-11D3-BF4B-00C04F79EFBC}") = "ResourceServer", "ResourceServer\ResourceServer.csproj", "{96796ED3-5266-4B2F-A69D-C7529D0CF468}"
EndProject
Global
	GlobalSection(SolutionConfigurationPlatforms) = preSolution
		Debug|Any CPU = Debug|Any CPU
		Release|Any CPU = Release|Any CPU
	EndGlobalSection
	GlobalSection(ProjectConfigurationPlatforms) = postSolution
		{6CDD1A61-15C4-423E-B108-E7DDA45010E2}.Debug|Any CPU.ActiveCfg = Debug|Any CPU
		{6CDD1A61-15C4-423E-B108-E7DDA45010E2}.Debug|Any CPU.Build.0 = Debug|Any CPU
		{6CDD1A61-15C4-423E-B108-E7DDA45010E2}.Release|Any CPU.ActiveCfg = Release|Any CPU
		{6CDD1A61-15C4-423E-B108-E7DDA45010E2}.Release|Any CPU.Build.0 = Release|Any CPU
		{96796ED3-5266-4B2F-A69D-C7529D0CF468}.Debug|Any CPU.ActiveCfg = Debug|Any CPU
		{96796ED3-5266-4B2F-A69D-C7529D0CF468}.Debug|Any CPU.Build.0 = Debug|Any CPU
		{96796ED3-5266-4B2F-A69D-C7529D0CF468}.Release|Any CPU.ActiveCfg = Release|Any CPU
		{96796ED3-5266-4B2F-A69D-C7529D0CF468}.Release|Any CPU.Build.0 = Release|Any CPU
	EndGlobalSection
	GlobalSection(SolutionProperties) = preSolution
		HideSolutionNode = FALSE
	EndGlobalSection
	GlobalSection(ExtensibilityGlobals) = postSolution
		SolutionGuid = {D2FC8DE3-B6A9-4A68-9D57-6C54B34C052E}
	EndGlobalSection
EndGlobal
